PODS:
  - WQBluetoothModule (0.0.1)

DEPENDENCIES:
  - WQBluetoothModule (from `../`)

EXTERNAL SOURCES:
  WQBluetoothModule:
    :path: "../"

SPEC CHECKSUMS:
  WQBluetoothModule: 516d616cadbb77022cfb792608946b96ae54ff7b

PODFILE CHECKSUM: e3989a5d7e232baee6c2fa71a75841f9c935868f

COCOAPODS: 1.5.0
